// !$*UTF8*$!
{
	archiveVersion = 1;
	classes = {
	};
	objectVersion = 56;
	objects = {

/* Begin PBXBuildFile section */
		690278C0463E35A536D93B87 /* Pods_meFilm.framework in Frameworks */ = {isa = PBXBuildFile; fileRef = E61E84787D4232101835A751 /* Pods_meFilm.framework */; };
		90349731964E47FA57067D51 /* Pods_meFilmTests.framework in Frameworks */ = {isa = PBXBuildFile; fileRef = 9BF2494A51934D136EA81B25 /* Pods_meFilmTests.framework */; };
		D61B414AC65C80BA1CFC2B7F /* Pods_meFilm_meFilmUITests.framework in Frameworks */ = {isa = PBXBuildFile; fileRef = 7CB3E99BAC7D84D66625E175 /* Pods_meFilm_meFilmUITests.framework */; };
		E8028CB72C97232C00F38433 /* HomeCollectionViewCell.swift in Sources */ = {isa = PBXBuildFile; fileRef = E8028CB52C97232C00F38433 /* HomeCollectionViewCell.swift */; };
		E8028CB82C97232C00F38433 /* HomeCollectionViewCell.xib in Resources */ = {isa = PBXBuildFile; fileRef = E8028CB62C97232C00F38433 /* HomeCollectionViewCell.xib */; };
		E8045EFE2CA15B1100BEE21C /* ResultsSearchVC.swift in Sources */ = {isa = PBXBuildFile; fileRef = E8045EFC2CA15B1100BEE21C /* ResultsSearchVC.swift */; };
		E8045EFF2CA15B1100BEE21C /* ResultsSearchVC.xib in Resources */ = {isa = PBXBuildFile; fileRef = E8045EFD2CA15B1100BEE21C /* ResultsSearchVC.xib */; };
		E8349F952C88ABBF00AD2946 /* LoginVM.swift in Sources */ = {isa = PBXBuildFile; fileRef = E8349F942C88ABBF00AD2946 /* LoginVM.swift */; };
		E8349F972C88B79C00AD2946 /* RegisterVM.swift in Sources */ = {isa = PBXBuildFile; fileRef = E8349F962C88B79C00AD2946 /* RegisterVM.swift */; };
		E85922992C8C1111000A0085 /* MainTabBarVC.swift in Sources */ = {isa = PBXBuildFile; fileRef = E85922982C8C1111000A0085 /* MainTabBarVC.swift */; };
		E859229C2C8C11CA000A0085 /* HomeVC.swift in Sources */ = {isa = PBXBuildFile; fileRef = E859229A2C8C11CA000A0085 /* HomeVC.swift */; };
		E859229D2C8C11CA000A0085 /* HomeVC.xib in Resources */ = {isa = PBXBuildFile; fileRef = E859229B2C8C11CA000A0085 /* HomeVC.xib */; };
		E859A1432C8EC8180010F6EF /* DetailMovieVC.swift in Sources */ = {isa = PBXBuildFile; fileRef = E859A1412C8EC8180010F6EF /* DetailMovieVC.swift */; };
		E859A1442C8EC8180010F6EF /* DetailMovieVC.xib in Resources */ = {isa = PBXBuildFile; fileRef = E859A1422C8EC8180010F6EF /* DetailMovieVC.xib */; };
		E863626E2C98B5FA002C0A38 /* CustomSegmentedControl.swift in Sources */ = {isa = PBXBuildFile; fileRef = E863626D2C98B5FA002C0A38 /* CustomSegmentedControl.swift */; };
		E8715CBF2C8F3FCA00567553 /* HeroHeaderView.swift in Sources */ = {isa = PBXBuildFile; fileRef = E8715CBE2C8F3FCA00567553 /* HeroHeaderView.swift */; };
		E87C46742C7CC2450078FF76 /* AuthService.swift in Sources */ = {isa = PBXBuildFile; fileRef = E87C46732C7CC2450078FF76 /* AuthService.swift */; };
		E87C46762C7CC31A0078FF76 /* LoginVC.swift in Sources */ = {isa = PBXBuildFile; fileRef = E87C46752C7CC31A0078FF76 /* LoginVC.swift */; };
		E87C46782C7CC33D0078FF76 /* RegisterVC.swift in Sources */ = {isa = PBXBuildFile; fileRef = E87C46772C7CC33D0078FF76 /* RegisterVC.swift */; };
		E87C467C2C7CC6150078FF76 /* GoogleService-Info.plist in Resources */ = {isa = PBXBuildFile; fileRef = E87C467B2C7CC6150078FF76 /* GoogleService-Info.plist */; };
		E8885DFB2C7C6BA20043EA79 /* AppDelegate.swift in Sources */ = {isa = PBXBuildFile; fileRef = E8885DFA2C7C6BA20043EA79 /* AppDelegate.swift */; };
		E8885DFD2C7C6BA20043EA79 /* SceneDelegate.swift in Sources */ = {isa = PBXBuildFile; fileRef = E8885DFC2C7C6BA20043EA79 /* SceneDelegate.swift */; };
		E8885DFF2C7C6BA20043EA79 /* ViewController.swift in Sources */ = {isa = PBXBuildFile; fileRef = E8885DFE2C7C6BA20043EA79 /* ViewController.swift */; };
		E8885E022C7C6BA20043EA79 /* Base in Resources */ = {isa = PBXBuildFile; fileRef = E8885E012C7C6BA20043EA79 /* Base */; };
		E8885E042C7C6BA50043EA79 /* Assets.xcassets in Resources */ = {isa = PBXBuildFile; fileRef = E8885E032C7C6BA50043EA79 /* Assets.xcassets */; };
		E8885E072C7C6BA50043EA79 /* Base in Resources */ = {isa = PBXBuildFile; fileRef = E8885E062C7C6BA50043EA79 /* Base */; };
		E8885E122C7C6BA50043EA79 /* meFilmTests.swift in Sources */ = {isa = PBXBuildFile; fileRef = E8885E112C7C6BA50043EA79 /* meFilmTests.swift */; };
		E8885E1C2C7C6BA60043EA79 /* meFilmUITests.swift in Sources */ = {isa = PBXBuildFile; fileRef = E8885E1B2C7C6BA60043EA79 /* meFilmUITests.swift */; };
		E8885E1E2C7C6BA60043EA79 /* meFilmUITestsLaunchTests.swift in Sources */ = {isa = PBXBuildFile; fileRef = E8885E1D2C7C6BA60043EA79 /* meFilmUITestsLaunchTests.swift */; };
		E8885E322C7C72480043EA79 /* User.swift in Sources */ = {isa = PBXBuildFile; fileRef = E8885E312C7C72480043EA79 /* User.swift */; };
		E8885E342C7C731B0043EA79 /* Movie.swift in Sources */ = {isa = PBXBuildFile; fileRef = E8885E332C7C731B0043EA79 /* Movie.swift */; };
		E8A090012C8D6F950074EB81 /* UserVC.swift in Sources */ = {isa = PBXBuildFile; fileRef = E8A08FFF2C8D6F950074EB81 /* UserVC.swift */; };
		E8A090022C8D6F950074EB81 /* UserVC.xib in Resources */ = {isa = PBXBuildFile; fileRef = E8A090002C8D6F950074EB81 /* UserVC.xib */; };
		E8A090052C8D801F0074EB81 /* DiscoverVC.xib in Resources */ = {isa = PBXBuildFile; fileRef = E8A090042C8D801F0074EB81 /* DiscoverVC.xib */; };
		E8A090062C8D801F0074EB81 /* DiscoverVC.swift in Sources */ = {isa = PBXBuildFile; fileRef = E8A090032C8D801F0074EB81 /* DiscoverVC.swift */; };
		E8A090092C8D81070074EB81 /* ReuseCollectionViewCell.xib in Resources */ = {isa = PBXBuildFile; fileRef = E8A090082C8D81070074EB81 /* ReuseCollectionViewCell.xib */; };
		E8A0900A2C8D81070074EB81 /* ReuseCollectionViewCell.swift in Sources */ = {isa = PBXBuildFile; fileRef = E8A090072C8D81070074EB81 /* ReuseCollectionViewCell.swift */; };
		E8BEEBD62C91692900229587 /* APIService.swift in Sources */ = {isa = PBXBuildFile; fileRef = E8BEEBD52C91692900229587 /* APIService.swift */; };
		E8FE47E42C837B000046D275 /* ExtensionTextField.swift in Sources */ = {isa = PBXBuildFile; fileRef = E8FE47E32C837B000046D275 /* ExtensionTextField.swift */; };
/* End PBXBuildFile section */

/* Begin PBXContainerItemProxy section */
		E8885E0E2C7C6BA50043EA79 /* PBXContainerItemProxy */ = {
			isa = PBXContainerItemProxy;
			containerPortal = E8885DEF2C7C6BA20043EA79 /* Project object */;
			proxyType = 1;
			remoteGlobalIDString = E8885DF62C7C6BA20043EA79;
			remoteInfo = meFilm;
		};
		E8885E182C7C6BA50043EA79 /* PBXContainerItemProxy */ = {
			isa = PBXContainerItemProxy;
			containerPortal = E8885DEF2C7C6BA20043EA79 /* Project object */;
			proxyType = 1;
			remoteGlobalIDString = E8885DF62C7C6BA20043EA79;
			remoteInfo = meFilm;
		};
/* End PBXContainerItemProxy section */

/* Begin PBXFileReference section */
		0E1C8A7DA188E336135C5230 /* Pods-meFilm.release.xcconfig */ = {isa = PBXFileReference; includeInIndex = 1; lastKnownFileType = text.xcconfig; name = "Pods-meFilm.release.xcconfig"; path = "Target Support Files/Pods-meFilm/Pods-meFilm.release.xcconfig"; sourceTree = "<group>"; };
		53D83126BC55C0A634A75F8B /* Pods-meFilmTests.release.xcconfig */ = {isa = PBXFileReference; includeInIndex = 1; lastKnownFileType = text.xcconfig; name = "Pods-meFilmTests.release.xcconfig"; path = "Target Support Files/Pods-meFilmTests/Pods-meFilmTests.release.xcconfig"; sourceTree = "<group>"; };
		5E559785858F1CD9C34FD579 /* Pods-meFilmTests.debug.xcconfig */ = {isa = PBXFileReference; includeInIndex = 1; lastKnownFileType = text.xcconfig; name = "Pods-meFilmTests.debug.xcconfig"; path = "Target Support Files/Pods-meFilmTests/Pods-meFilmTests.debug.xcconfig"; sourceTree = "<group>"; };
		7CB3E99BAC7D84D66625E175 /* Pods_meFilm_meFilmUITests.framework */ = {isa = PBXFileReference; explicitFileType = wrapper.framework; includeInIndex = 0; path = Pods_meFilm_meFilmUITests.framework; sourceTree = BUILT_PRODUCTS_DIR; };
		9BF2494A51934D136EA81B25 /* Pods_meFilmTests.framework */ = {isa = PBXFileReference; explicitFileType = wrapper.framework; includeInIndex = 0; path = Pods_meFilmTests.framework; sourceTree = BUILT_PRODUCTS_DIR; };
		BC1D6287174842A884B521D7 /* Pods-meFilm.debug.xcconfig */ = {isa = PBXFileReference; includeInIndex = 1; lastKnownFileType = text.xcconfig; name = "Pods-meFilm.debug.xcconfig"; path = "Target Support Files/Pods-meFilm/Pods-meFilm.debug.xcconfig"; sourceTree = "<group>"; };
		D9E1F4EEB953087D14A576B8 /* Pods-meFilm-meFilmUITests.release.xcconfig */ = {isa = PBXFileReference; includeInIndex = 1; lastKnownFileType = text.xcconfig; name = "Pods-meFilm-meFilmUITests.release.xcconfig"; path = "Target Support Files/Pods-meFilm-meFilmUITests/Pods-meFilm-meFilmUITests.release.xcconfig"; sourceTree = "<group>"; };
		DE9458408B6277792ADAA1F7 /* Pods-meFilm-meFilmUITests.debug.xcconfig */ = {isa = PBXFileReference; includeInIndex = 1; lastKnownFileType = text.xcconfig; name = "Pods-meFilm-meFilmUITests.debug.xcconfig"; path = "Target Support Files/Pods-meFilm-meFilmUITests/Pods-meFilm-meFilmUITests.debug.xcconfig"; sourceTree = "<group>"; };
		E61E84787D4232101835A751 /* Pods_meFilm.framework */ = {isa = PBXFileReference; explicitFileType = wrapper.framework; includeInIndex = 0; path = Pods_meFilm.framework; sourceTree = BUILT_PRODUCTS_DIR; };
		E8028CB52C97232C00F38433 /* HomeCollectionViewCell.swift */ = {isa = PBXFileReference; lastKnownFileType = sourcecode.swift; path = HomeCollectionViewCell.swift; sourceTree = "<group>"; };
		E8028CB62C97232C00F38433 /* HomeCollectionViewCell.xib */ = {isa = PBXFileReference; lastKnownFileType = file.xib; path = HomeCollectionViewCell.xib; sourceTree = "<group>"; };
		E8045EFC2CA15B1100BEE21C /* ResultsSearchVC.swift */ = {isa = PBXFileReference; lastKnownFileType = sourcecode.swift; path = ResultsSearchVC.swift; sourceTree = "<group>"; };
		E8045EFD2CA15B1100BEE21C /* ResultsSearchVC.xib */ = {isa = PBXFileReference; lastKnownFileType = file.xib; path = ResultsSearchVC.xib; sourceTree = "<group>"; };
		E8349F942C88ABBF00AD2946 /* LoginVM.swift */ = {isa = PBXFileReference; lastKnownFileType = sourcecode.swift; path = LoginVM.swift; sourceTree = "<group>"; };
		E8349F962C88B79C00AD2946 /* RegisterVM.swift */ = {isa = PBXFileReference; lastKnownFileType = sourcecode.swift; path = RegisterVM.swift; sourceTree = "<group>"; };
		E85922982C8C1111000A0085 /* MainTabBarVC.swift */ = {isa = PBXFileReference; lastKnownFileType = sourcecode.swift; path = MainTabBarVC.swift; sourceTree = "<group>"; };
		E859229A2C8C11CA000A0085 /* HomeVC.swift */ = {isa = PBXFileReference; lastKnownFileType = sourcecode.swift; path = HomeVC.swift; sourceTree = "<group>"; };
		E859229B2C8C11CA000A0085 /* HomeVC.xib */ = {isa = PBXFileReference; lastKnownFileType = file.xib; path = HomeVC.xib; sourceTree = "<group>"; };
		E859A1412C8EC8180010F6EF /* DetailMovieVC.swift */ = {isa = PBXFileReference; lastKnownFileType = sourcecode.swift; path = DetailMovieVC.swift; sourceTree = "<group>"; };
		E859A1422C8EC8180010F6EF /* DetailMovieVC.xib */ = {isa = PBXFileReference; lastKnownFileType = file.xib; path = DetailMovieVC.xib; sourceTree = "<group>"; };
		E863626D2C98B5FA002C0A38 /* CustomSegmentedControl.swift */ = {isa = PBXFileReference; lastKnownFileType = sourcecode.swift; path = CustomSegmentedControl.swift; sourceTree = "<group>"; };
		E8715CBE2C8F3FCA00567553 /* HeroHeaderView.swift */ = {isa = PBXFileReference; lastKnownFileType = sourcecode.swift; path = HeroHeaderView.swift; sourceTree = "<group>"; };
		E87C46732C7CC2450078FF76 /* AuthService.swift */ = {isa = PBXFileReference; lastKnownFileType = sourcecode.swift; path = AuthService.swift; sourceTree = "<group>"; };
		E87C46752C7CC31A0078FF76 /* LoginVC.swift */ = {isa = PBXFileReference; lastKnownFileType = sourcecode.swift; path = LoginVC.swift; sourceTree = "<group>"; };
		E87C46772C7CC33D0078FF76 /* RegisterVC.swift */ = {isa = PBXFileReference; lastKnownFileType = sourcecode.swift; path = RegisterVC.swift; sourceTree = "<group>"; };
		E87C467B2C7CC6150078FF76 /* GoogleService-Info.plist */ = {isa = PBXFileReference; fileEncoding = 4; lastKnownFileType = text.plist.xml; path = "GoogleService-Info.plist"; sourceTree = "<group>"; };
		E8885DF72C7C6BA20043EA79 /* meFilm.app */ = {isa = PBXFileReference; explicitFileType = wrapper.application; includeInIndex = 0; path = meFilm.app; sourceTree = BUILT_PRODUCTS_DIR; };
		E8885DFA2C7C6BA20043EA79 /* AppDelegate.swift */ = {isa = PBXFileReference; lastKnownFileType = sourcecode.swift; path = AppDelegate.swift; sourceTree = "<group>"; };
		E8885DFC2C7C6BA20043EA79 /* SceneDelegate.swift */ = {isa = PBXFileReference; lastKnownFileType = sourcecode.swift; path = SceneDelegate.swift; sourceTree = "<group>"; };
		E8885DFE2C7C6BA20043EA79 /* ViewController.swift */ = {isa = PBXFileReference; lastKnownFileType = sourcecode.swift; path = ViewController.swift; sourceTree = "<group>"; };
		E8885E012C7C6BA20043EA79 /* Base */ = {isa = PBXFileReference; lastKnownFileType = file.storyboard; name = Base; path = Base.lproj/Main.storyboard; sourceTree = "<group>"; };
		E8885E032C7C6BA50043EA79 /* Assets.xcassets */ = {isa = PBXFileReference; lastKnownFileType = folder.assetcatalog; path = Assets.xcassets; sourceTree = "<group>"; };
		E8885E062C7C6BA50043EA79 /* Base */ = {isa = PBXFileReference; lastKnownFileType = file.storyboard; name = Base; path = Base.lproj/LaunchScreen.storyboard; sourceTree = "<group>"; };
		E8885E082C7C6BA50043EA79 /* Info.plist */ = {isa = PBXFileReference; lastKnownFileType = text.plist.xml; path = Info.plist; sourceTree = "<group>"; };
		E8885E0D2C7C6BA50043EA79 /* meFilmTests.xctest */ = {isa = PBXFileReference; explicitFileType = wrapper.cfbundle; includeInIndex = 0; path = meFilmTests.xctest; sourceTree = BUILT_PRODUCTS_DIR; };
		E8885E112C7C6BA50043EA79 /* meFilmTests.swift */ = {isa = PBXFileReference; lastKnownFileType = sourcecode.swift; path = meFilmTests.swift; sourceTree = "<group>"; };
		E8885E172C7C6BA50043EA79 /* meFilmUITests.xctest */ = {isa = PBXFileReference; explicitFileType = wrapper.cfbundle; includeInIndex = 0; path = meFilmUITests.xctest; sourceTree = BUILT_PRODUCTS_DIR; };
		E8885E1B2C7C6BA60043EA79 /* meFilmUITests.swift */ = {isa = PBXFileReference; lastKnownFileType = sourcecode.swift; path = meFilmUITests.swift; sourceTree = "<group>"; };
		E8885E1D2C7C6BA60043EA79 /* meFilmUITestsLaunchTests.swift */ = {isa = PBXFileReference; lastKnownFileType = sourcecode.swift; path = meFilmUITestsLaunchTests.swift; sourceTree = "<group>"; };
		E8885E312C7C72480043EA79 /* User.swift */ = {isa = PBXFileReference; lastKnownFileType = sourcecode.swift; path = User.swift; sourceTree = "<group>"; };
		E8885E332C7C731B0043EA79 /* Movie.swift */ = {isa = PBXFileReference; lastKnownFileType = sourcecode.swift; path = Movie.swift; sourceTree = "<group>"; };
		E8A08FFF2C8D6F950074EB81 /* UserVC.swift */ = {isa = PBXFileReference; lastKnownFileType = sourcecode.swift; path = UserVC.swift; sourceTree = "<group>"; };
		E8A090002C8D6F950074EB81 /* UserVC.xib */ = {isa = PBXFileReference; lastKnownFileType = file.xib; path = UserVC.xib; sourceTree = "<group>"; };
		E8A090032C8D801F0074EB81 /* DiscoverVC.swift */ = {isa = PBXFileReference; lastKnownFileType = sourcecode.swift; path = DiscoverVC.swift; sourceTree = "<group>"; };
		E8A090042C8D801F0074EB81 /* DiscoverVC.xib */ = {isa = PBXFileReference; lastKnownFileType = file.xib; path = DiscoverVC.xib; sourceTree = "<group>"; };
		E8A090072C8D81070074EB81 /* ReuseCollectionViewCell.swift */ = {isa = PBXFileReference; lastKnownFileType = sourcecode.swift; path = ReuseCollectionViewCell.swift; sourceTree = "<group>"; };
		E8A090082C8D81070074EB81 /* ReuseCollectionViewCell.xib */ = {isa = PBXFileReference; lastKnownFileType = file.xib; path = ReuseCollectionViewCell.xib; sourceTree = "<group>"; };
		E8BEEBD52C91692900229587 /* APIService.swift */ = {isa = PBXFileReference; lastKnownFileType = sourcecode.swift; path = APIService.swift; sourceTree = "<group>"; };
		E8FE47E32C837B000046D275 /* ExtensionTextField.swift */ = {isa = PBXFileReference; lastKnownFileType = sourcecode.swift; path = ExtensionTextField.swift; sourceTree = "<group>"; };
/* End PBXFileReference section */

/* Begin PBXFrameworksBuildPhase section */
		E8885DF42C7C6BA20043EA79 /* Frameworks */ = {
			isa = PBXFrameworksBuildPhase;
			buildActionMask = 2147483647;
			files = (
				690278C0463E35A536D93B87 /* Pods_meFilm.framework in Frameworks */,
			);
			runOnlyForDeploymentPostprocessing = 0;
		};
		E8885E0A2C7C6BA50043EA79 /* Frameworks */ = {
			isa = PBXFrameworksBuildPhase;
			buildActionMask = 2147483647;
			files = (
				90349731964E47FA57067D51 /* Pods_meFilmTests.framework in Frameworks */,
			);
			runOnlyForDeploymentPostprocessing = 0;
		};
		E8885E142C7C6BA50043EA79 /* Frameworks */ = {
			isa = PBXFrameworksBuildPhase;
			buildActionMask = 2147483647;
			files = (
				D61B414AC65C80BA1CFC2B7F /* Pods_meFilm_meFilmUITests.framework in Frameworks */,
			);
			runOnlyForDeploymentPostprocessing = 0;
		};
/* End PBXFrameworksBuildPhase section */

/* Begin PBXGroup section */
		41B3EC6E6DBC99B521777AB6 /* Pods */ = {
			isa = PBXGroup;
			children = (
				BC1D6287174842A884B521D7 /* Pods-meFilm.debug.xcconfig */,
				0E1C8A7DA188E336135C5230 /* Pods-meFilm.release.xcconfig */,
				DE9458408B6277792ADAA1F7 /* Pods-meFilm-meFilmUITests.debug.xcconfig */,
				D9E1F4EEB953087D14A576B8 /* Pods-meFilm-meFilmUITests.release.xcconfig */,
				5E559785858F1CD9C34FD579 /* Pods-meFilmTests.debug.xcconfig */,
				53D83126BC55C0A634A75F8B /* Pods-meFilmTests.release.xcconfig */,
			);
			path = Pods;
			sourceTree = "<group>";
		};
		688D85DA5068CAD32EF39F70 /* Frameworks */ = {
			isa = PBXGroup;
			children = (
				E61E84787D4232101835A751 /* Pods_meFilm.framework */,
				7CB3E99BAC7D84D66625E175 /* Pods_meFilm_meFilmUITests.framework */,
				9BF2494A51934D136EA81B25 /* Pods_meFilmTests.framework */,
			);
			name = Frameworks;
			sourceTree = "<group>";
		};
		E87C46712C7CBE350078FF76 /* Views */ = {
			isa = PBXGroup;
			children = (
				E8885E052C7C6BA50043EA79 /* LaunchScreen.storyboard */,
				E8885E002C7C6BA20043EA79 /* Main.storyboard */,
				E859229B2C8C11CA000A0085 /* HomeVC.xib */,
				E8A090042C8D801F0074EB81 /* DiscoverVC.xib */,
				E8A090002C8D6F950074EB81 /* UserVC.xib */,
				E859A1422C8EC8180010F6EF /* DetailMovieVC.xib */,
			);
			path = Views;
			sourceTree = "<group>";
		};
		E8885DEE2C7C6BA20043EA79 = {
			isa = PBXGroup;
			children = (
				E8885DF92C7C6BA20043EA79 /* meFilm */,
				E8885E102C7C6BA50043EA79 /* meFilmTests */,
				E8885E1A2C7C6BA50043EA79 /* meFilmUITests */,
				E8885DF82C7C6BA20043EA79 /* Products */,
				41B3EC6E6DBC99B521777AB6 /* Pods */,
				688D85DA5068CAD32EF39F70 /* Frameworks */,
			);
			sourceTree = "<group>";
		};
		E8885DF82C7C6BA20043EA79 /* Products */ = {
			isa = PBXGroup;
			children = (
				E8885DF72C7C6BA20043EA79 /* meFilm.app */,
				E8885E0D2C7C6BA50043EA79 /* meFilmTests.xctest */,
				E8885E172C7C6BA50043EA79 /* meFilmUITests.xctest */,
			);
			name = Products;
			sourceTree = "<group>";
		};
		E8885DF92C7C6BA20043EA79 /* meFilm */ = {
			isa = PBXGroup;
			children = (
				E8BBF7982C8377C200CB4923 /* Custom */,
				E8B536172C94125A002D95D9 /* Extension */,
				E8885E2C2C7C71950043EA79 /* Services */,
				E8885E2F2C7C71FF0043EA79 /* Common */,
				E8885E302C7C72080043EA79 /* Controllers */,
				E8885E2D2C7C71D80043EA79 /* ViewModels */,
				E8885E2E2C7C71F80043EA79 /* Models */,
				E87C46712C7CBE350078FF76 /* Views */,
				E8885DFA2C7C6BA20043EA79 /* AppDelegate.swift */,
				E8885DFC2C7C6BA20043EA79 /* SceneDelegate.swift */,
				E8885DFE2C7C6BA20043EA79 /* ViewController.swift */,
				E8885E032C7C6BA50043EA79 /* Assets.xcassets */,
				E8885E082C7C6BA50043EA79 /* Info.plist */,
				E87C467B2C7CC6150078FF76 /* GoogleService-Info.plist */,
			);
			path = meFilm;
			sourceTree = "<group>";
		};
		E8885E102C7C6BA50043EA79 /* meFilmTests */ = {
			isa = PBXGroup;
			children = (
				E8885E112C7C6BA50043EA79 /* meFilmTests.swift */,
			);
			path = meFilmTests;
			sourceTree = "<group>";
		};
		E8885E1A2C7C6BA50043EA79 /* meFilmUITests */ = {
			isa = PBXGroup;
			children = (
				E8885E1B2C7C6BA60043EA79 /* meFilmUITests.swift */,
				E8885E1D2C7C6BA60043EA79 /* meFilmUITestsLaunchTests.swift */,
			);
			path = meFilmUITests;
			sourceTree = "<group>";
		};
		E8885E2C2C7C71950043EA79 /* Services */ = {
			isa = PBXGroup;
			children = (
				E87C46732C7CC2450078FF76 /* AuthService.swift */,
				E8BEEBD52C91692900229587 /* APIService.swift */,
			);
			path = Services;
			sourceTree = "<group>";
		};
		E8885E2D2C7C71D80043EA79 /* ViewModels */ = {
			isa = PBXGroup;
			children = (
				E8349F942C88ABBF00AD2946 /* LoginVM.swift */,
				E8349F962C88B79C00AD2946 /* RegisterVM.swift */,
			);
			path = ViewModels;
			sourceTree = "<group>";
		};
		E8885E2E2C7C71F80043EA79 /* Models */ = {
			isa = PBXGroup;
			children = (
				E8885E312C7C72480043EA79 /* User.swift */,
				E8885E332C7C731B0043EA79 /* Movie.swift */,
			);
			path = Models;
			sourceTree = "<group>";
		};
		E8885E2F2C7C71FF0043EA79 /* Common */ = {
			isa = PBXGroup;
			children = (
				E8A090072C8D81070074EB81 /* ReuseCollectionViewCell.swift */,
				E8A090082C8D81070074EB81 /* ReuseCollectionViewCell.xib */,
				E8028CB52C97232C00F38433 /* HomeCollectionViewCell.swift */,
				E8028CB62C97232C00F38433 /* HomeCollectionViewCell.xib */,
				E8045EFC2CA15B1100BEE21C /* ResultsSearchVC.swift */,
				E8045EFD2CA15B1100BEE21C /* ResultsSearchVC.xib */,
			);
			path = Common;
			sourceTree = "<group>";
		};
		E8885E302C7C72080043EA79 /* Controllers */ = {
			isa = PBXGroup;
			children = (
				E87C46752C7CC31A0078FF76 /* LoginVC.swift */,
				E87C46772C7CC33D0078FF76 /* RegisterVC.swift */,
				E85922982C8C1111000A0085 /* MainTabBarVC.swift */,
				E859229A2C8C11CA000A0085 /* HomeVC.swift */,
				E8A090032C8D801F0074EB81 /* DiscoverVC.swift */,
				E8A08FFF2C8D6F950074EB81 /* UserVC.swift */,
				E859A1412C8EC8180010F6EF /* DetailMovieVC.swift */,
			);
			path = Controllers;
			sourceTree = "<group>";
		};
		E8B536172C94125A002D95D9 /* Extension */ = {
			isa = PBXGroup;
			children = (
				E8FE47E32C837B000046D275 /* ExtensionTextField.swift */,
			);
			path = Extension;
			sourceTree = "<group>";
		};
		E8BBF7982C8377C200CB4923 /* Custom */ = {
			isa = PBXGroup;
			children = (
				E8715CBE2C8F3FCA00567553 /* HeroHeaderView.swift */,
				E863626D2C98B5FA002C0A38 /* CustomSegmentedControl.swift */,
			);
			path = Custom;
			sourceTree = "<group>";
		};
/* End PBXGroup section */

/* Begin PBXNativeTarget section */
		E8885DF62C7C6BA20043EA79 /* meFilm */ = {
			isa = PBXNativeTarget;
			buildConfigurationList = E8885E212C7C6BA60043EA79 /* Build configuration list for PBXNativeTarget "meFilm" */;
			buildPhases = (
				6C8F3C5EBAD327363C6D9487 /* [CP] Check Pods Manifest.lock */,
				E8885DF32C7C6BA20043EA79 /* Sources */,
				E8885DF42C7C6BA20043EA79 /* Frameworks */,
				E8885DF52C7C6BA20043EA79 /* Resources */,
				D8C3C0C4332F425D404AD655 /* [CP] Embed Pods Frameworks */,
			);
			buildRules = (
			);
			dependencies = (
			);
			name = meFilm;
			productName = meFilm;
			productReference = E8885DF72C7C6BA20043EA79 /* meFilm.app */;
			productType = "com.apple.product-type.application";
		};
		E8885E0C2C7C6BA50043EA79 /* meFilmTests */ = {
			isa = PBXNativeTarget;
			buildConfigurationList = E8885E242C7C6BA60043EA79 /* Build configuration list for PBXNativeTarget "meFilmTests" */;
			buildPhases = (
				33C6EB8F195DE556091DB3E3 /* [CP] Check Pods Manifest.lock */,
				E8885E092C7C6BA50043EA79 /* Sources */,
				E8885E0A2C7C6BA50043EA79 /* Frameworks */,
				E8885E0B2C7C6BA50043EA79 /* Resources */,
			);
			buildRules = (
			);
			dependencies = (
				E8885E0F2C7C6BA50043EA79 /* PBXTargetDependency */,
			);
			name = meFilmTests;
			productName = meFilmTests;
			productReference = E8885E0D2C7C6BA50043EA79 /* meFilmTests.xctest */;
			productType = "com.apple.product-type.bundle.unit-test";
		};
		E8885E162C7C6BA50043EA79 /* meFilmUITests */ = {
			isa = PBXNativeTarget;
			buildConfigurationList = E8885E272C7C6BA60043EA79 /* Build configuration list for PBXNativeTarget "meFilmUITests" */;
			buildPhases = (
				E76B0EF39425758E538EFBF9 /* [CP] Check Pods Manifest.lock */,
				E8885E132C7C6BA50043EA79 /* Sources */,
				E8885E142C7C6BA50043EA79 /* Frameworks */,
				E8885E152C7C6BA50043EA79 /* Resources */,
				BC2316E9C493D10CB79BA236 /* [CP] Embed Pods Frameworks */,
			);
			buildRules = (
			);
			dependencies = (
				E8885E192C7C6BA50043EA79 /* PBXTargetDependency */,
			);
			name = meFilmUITests;
			productName = meFilmUITests;
			productReference = E8885E172C7C6BA50043EA79 /* meFilmUITests.xctest */;
			productType = "com.apple.product-type.bundle.ui-testing";
		};
/* End PBXNativeTarget section */

/* Begin PBXProject section */
		E8885DEF2C7C6BA20043EA79 /* Project object */ = {
			isa = PBXProject;
			attributes = {
				BuildIndependentTargetsInParallel = 1;
				LastSwiftUpdateCheck = 1540;
				LastUpgradeCheck = 1540;
				TargetAttributes = {
					E8885DF62C7C6BA20043EA79 = {
						CreatedOnToolsVersion = 15.4;
					};
					E8885E0C2C7C6BA50043EA79 = {
						CreatedOnToolsVersion = 15.4;
						TestTargetID = E8885DF62C7C6BA20043EA79;
					};
					E8885E162C7C6BA50043EA79 = {
						CreatedOnToolsVersion = 15.4;
						TestTargetID = E8885DF62C7C6BA20043EA79;
					};
				};
			};
			buildConfigurationList = E8885DF22C7C6BA20043EA79 /* Build configuration list for PBXProject "meFilm" */;
			compatibilityVersion = "Xcode 14.0";
			developmentRegion = en;
			hasScannedForEncodings = 0;
			knownRegions = (
				en,
				Base,
			);
			mainGroup = E8885DEE2C7C6BA20043EA79;
			productRefGroup = E8885DF82C7C6BA20043EA79 /* Products */;
			projectDirPath = "";
			projectRoot = "";
			targets = (
				E8885DF62C7C6BA20043EA79 /* meFilm */,
				E8885E0C2C7C6BA50043EA79 /* meFilmTests */,
				E8885E162C7C6BA50043EA79 /* meFilmUITests */,
			);
		};
/* End PBXProject section */

/* Begin PBXResourcesBuildPhase section */
		E8885DF52C7C6BA20043EA79 /* Resources */ = {
			isa = PBXResourcesBuildPhase;
			buildActionMask = 2147483647;
			files = (
				E8885E042C7C6BA50043EA79 /* Assets.xcassets in Resources */,
				E8885E072C7C6BA50043EA79 /* Base in Resources */,
				E859229D2C8C11CA000A0085 /* HomeVC.xib in Resources */,
				E8A090022C8D6F950074EB81 /* UserVC.xib in Resources */,
				E8885E022C7C6BA20043EA79 /* Base in Resources */,
				E8028CB82C97232C00F38433 /* HomeCollectionViewCell.xib in Resources */,
				E8A090092C8D81070074EB81 /* ReuseCollectionViewCell.xib in Resources */,
				E8045EFF2CA15B1100BEE21C /* ResultsSearchVC.xib in Resources */,
				E87C467C2C7CC6150078FF76 /* GoogleService-Info.plist in Resources */,
				E859A1442C8EC8180010F6EF /* DetailMovieVC.xib in Resources */,
				E8A090052C8D801F0074EB81 /* DiscoverVC.xib in Resources */,
			);
			runOnlyForDeploymentPostprocessing = 0;
		};
		E8885E0B2C7C6BA50043EA79 /* Resources */ = {
			isa = PBXResourcesBuildPhase;
			buildActionMask = 2147483647;
			files = (
			);
			runOnlyForDeploymentPostprocessing = 0;
		};
		E8885E152C7C6BA50043EA79 /* Resources */ = {
			isa = PBXResourcesBuildPhase;
			buildActionMask = 2147483647;
			files = (
			);
			runOnlyForDeploymentPostprocessing = 0;
		};
/* End PBXResourcesBuildPhase section */

/* Begin PBXShellScriptBuildPhase section */
		33C6EB8F195DE556091DB3E3 /* [CP] Check Pods Manifest.lock */ = {
			isa = PBXShellScriptBuildPhase;
			buildActionMask = 2147483647;
			files = (
			);
			inputFileListPaths = (
			);
			inputPaths = (
				"${PODS_PODFILE_DIR_PATH}/Podfile.lock",
				"${PODS_ROOT}/Manifest.lock",
			);
			name = "[CP] Check Pods Manifest.lock";
			outputFileListPaths = (
			);
			outputPaths = (
				"$(DERIVED_FILE_DIR)/Pods-meFilmTests-checkManifestLockResult.txt",
			);
			runOnlyForDeploymentPostprocessing = 0;
			shellPath = /bin/sh;
			shellScript = "diff \"${PODS_PODFILE_DIR_PATH}/Podfile.lock\" \"${PODS_ROOT}/Manifest.lock\" > /dev/null\nif [ $? != 0 ] ; then\n    # print error to STDERR\n    echo \"error: The sandbox is not in sync with the Podfile.lock. Run 'pod install' or update your CocoaPods installation.\" >&2\n    exit 1\nfi\n# This output is used by Xcode 'outputs' to avoid re-running this script phase.\necho \"SUCCESS\" > \"${SCRIPT_OUTPUT_FILE_0}\"\n";
			showEnvVarsInLog = 0;
		};
		6C8F3C5EBAD327363C6D9487 /* [CP] Check Pods Manifest.lock */ = {
			isa = PBXShellScriptBuildPhase;
			buildActionMask = 2147483647;
			files = (
			);
			inputFileListPaths = (
			);
			inputPaths = (
				"${PODS_PODFILE_DIR_PATH}/Podfile.lock",
				"${PODS_ROOT}/Manifest.lock",
			);
			name = "[CP] Check Pods Manifest.lock";
			outputFileListPaths = (
			);
			outputPaths = (
				"$(DERIVED_FILE_DIR)/Pods-meFilm-checkManifestLockResult.txt",
			);
			runOnlyForDeploymentPostprocessing = 0;
			shellPath = /bin/sh;
			shellScript = "diff \"${PODS_PODFILE_DIR_PATH}/Podfile.lock\" \"${PODS_ROOT}/Manifest.lock\" > /dev/null\nif [ $? != 0 ] ; then\n    # print error to STDERR\n    echo \"error: The sandbox is not in sync with the Podfile.lock. Run 'pod install' or update your CocoaPods installation.\" >&2\n    exit 1\nfi\n# This output is used by Xcode 'outputs' to avoid re-running this script phase.\necho \"SUCCESS\" > \"${SCRIPT_OUTPUT_FILE_0}\"\n";
			showEnvVarsInLog = 0;
		};
		BC2316E9C493D10CB79BA236 /* [CP] Embed Pods Frameworks */ = {
			isa = PBXShellScriptBuildPhase;
			buildActionMask = 2147483647;
			files = (
			);
			inputFileListPaths = (
				"${PODS_ROOT}/Target Support Files/Pods-meFilm-meFilmUITests/Pods-meFilm-meFilmUITests-frameworks-${CONFIGURATION}-input-files.xcfilelist",
			);
			name = "[CP] Embed Pods Frameworks";
			outputFileListPaths = (
				"${PODS_ROOT}/Target Support Files/Pods-meFilm-meFilmUITests/Pods-meFilm-meFilmUITests-frameworks-${CONFIGURATION}-output-files.xcfilelist",
			);
			runOnlyForDeploymentPostprocessing = 0;
			shellPath = /bin/sh;
			shellScript = "\"${PODS_ROOT}/Target Support Files/Pods-meFilm-meFilmUITests/Pods-meFilm-meFilmUITests-frameworks.sh\"\n";
			showEnvVarsInLog = 0;
		};
		D8C3C0C4332F425D404AD655 /* [CP] Embed Pods Frameworks */ = {
			isa = PBXShellScriptBuildPhase;
			buildActionMask = 2147483647;
			files = (
			);
			inputFileListPaths = (
				"${PODS_ROOT}/Target Support Files/Pods-meFilm/Pods-meFilm-frameworks-${CONFIGURATION}-input-files.xcfilelist",
			);
			name = "[CP] Embed Pods Frameworks";
			outputFileListPaths = (
				"${PODS_ROOT}/Target Support Files/Pods-meFilm/Pods-meFilm-frameworks-${CONFIGURATION}-output-files.xcfilelist",
			);
			runOnlyForDeploymentPostprocessing = 0;
			shellPath = /bin/sh;
			shellScript = "\"${PODS_ROOT}/Target Support Files/Pods-meFilm/Pods-meFilm-frameworks.sh\"\n";
			showEnvVarsInLog = 0;
		};
		E76B0EF39425758E538EFBF9 /* [CP] Check Pods Manifest.lock */ = {
			isa = PBXShellScriptBuildPhase;
			buildActionMask = 2147483647;
			files = (
			);
			inputFileListPaths = (
			);
			inputPaths = (
				"${PODS_PODFILE_DIR_PATH}/Podfile.lock",
				"${PODS_ROOT}/Manifest.lock",
			);
			name = "[CP] Check Pods Manifest.lock";
			outputFileListPaths = (
			);
			outputPaths = (
				"$(DERIVED_FILE_DIR)/Pods-meFilm-meFilmUITests-checkManifestLockResult.txt",
			);
			runOnlyForDeploymentPostprocessing = 0;
			shellPath = /bin/sh;
			shellScript = "diff \"${PODS_PODFILE_DIR_PATH}/Podfile.lock\" \"${PODS_ROOT}/Manifest.lock\" > /dev/null\nif [ $? != 0 ] ; then\n    # print error to STDERR\n    echo \"error: The sandbox is not in sync with the Podfile.lock. Run 'pod install' or update your CocoaPods installation.\" >&2\n    exit 1\nfi\n# This output is used by Xcode 'outputs' to avoid re-running this script phase.\necho \"SUCCESS\" > \"${SCRIPT_OUTPUT_FILE_0}\"\n";
			showEnvVarsInLog = 0;
		};
/* End PBXShellScriptBuildPhase section */

/* Begin PBXSourcesBuildPhase section */
		E8885DF32C7C6BA20043EA79 /* Sources */ = {
			isa = PBXSourcesBuildPhase;
			buildActionMask = 2147483647;
			files = (
				E8885E342C7C731B0043EA79 /* Movie.swift in Sources */,
				E8BEEBD62C91692900229587 /* APIService.swift in Sources */,
				E8349F952C88ABBF00AD2946 /* LoginVM.swift in Sources */,
				E8715CBF2C8F3FCA00567553 /* HeroHeaderView.swift in Sources */,
				E87C46782C7CC33D0078FF76 /* RegisterVC.swift in Sources */,
				E8A090062C8D801F0074EB81 /* DiscoverVC.swift in Sources */,
				E8885E322C7C72480043EA79 /* User.swift in Sources */,
				E8045EFE2CA15B1100BEE21C /* ResultsSearchVC.swift in Sources */,
				E859229C2C8C11CA000A0085 /* HomeVC.swift in Sources */,
				E8FE47E42C837B000046D275 /* ExtensionTextField.swift in Sources */,
				E87C46762C7CC31A0078FF76 /* LoginVC.swift in Sources */,
				E8885DFF2C7C6BA20043EA79 /* ViewController.swift in Sources */,
				E85922992C8C1111000A0085 /* MainTabBarVC.swift in Sources */,
				E863626E2C98B5FA002C0A38 /* CustomSegmentedControl.swift in Sources */,
				E87C46742C7CC2450078FF76 /* AuthService.swift in Sources */,
				E859A1432C8EC8180010F6EF /* DetailMovieVC.swift in Sources */,
				E8885DFB2C7C6BA20043EA79 /* AppDelegate.swift in Sources */,
				E8028CB72C97232C00F38433 /* HomeCollectionViewCell.swift in Sources */,
				E8885DFD2C7C6BA20043EA79 /* SceneDelegate.swift in Sources */,
				E8A090012C8D6F950074EB81 /* UserVC.swift in Sources */,
				E8349F972C88B79C00AD2946 /* RegisterVM.swift in Sources */,
				E8A0900A2C8D81070074EB81 /* ReuseCollectionViewCell.swift in Sources */,
			);
			runOnlyForDeploymentPostprocessing = 0;
		};
		E8885E092C7C6BA50043EA79 /* Sources */ = {
			isa = PBXSourcesBuildPhase;
			buildActionMask = 2147483647;
			files = (
				E8885E122C7C6BA50043EA79 /* meFilmTests.swift in Sources */,
			);
			runOnlyForDeploymentPostprocessing = 0;
		};
		E8885E132C7C6BA50043EA79 /* Sources */ = {
			isa = PBXSourcesBuildPhase;
			buildActionMask = 2147483647;
			files = (
				E8885E1E2C7C6BA60043EA79 /* meFilmUITestsLaunchTests.swift in Sources */,
				E8885E1C2C7C6BA60043EA79 /* meFilmUITests.swift in Sources */,
			);
			runOnlyForDeploymentPostprocessing = 0;
		};
/* End PBXSourcesBuildPhase section */

/* Begin PBXTargetDependency section */
		E8885E0F2C7C6BA50043EA79 /* PBXTargetDependency */ = {
			isa = PBXTargetDependency;
			target = E8885DF62C7C6BA20043EA79 /* meFilm */;
			targetProxy = E8885E0E2C7C6BA50043EA79 /* PBXContainerItemProxy */;
		};
		E8885E192C7C6BA50043EA79 /* PBXTargetDependency */ = {
			isa = PBXTargetDependency;
			target = E8885DF62C7C6BA20043EA79 /* meFilm */;
			targetProxy = E8885E182C7C6BA50043EA79 /* PBXContainerItemProxy */;
		};
/* End PBXTargetDependency section */

/* Begin PBXVariantGroup section */
		E8885E002C7C6BA20043EA79 /* Main.storyboard */ = {
			isa = PBXVariantGroup;
			children = (
				E8885E012C7C6BA20043EA79 /* Base */,
			);
			name = Main.storyboard;
			sourceTree = "<group>";
		};
		E8885E052C7C6BA50043EA79 /* LaunchScreen.storyboard */ = {
			isa = PBXVariantGroup;
			children = (
				E8885E062C7C6BA50043EA79 /* Base */,
			);
			name = LaunchScreen.storyboard;
			sourceTree = "<group>";
		};
/* End PBXVariantGroup section */

/* Begin XCBuildConfiguration section */
		E8885E1F2C7C6BA60043EA79 /* Debug */ = {
			isa = XCBuildConfiguration;
			buildSettings = {
				ALWAYS_SEARCH_USER_PATHS = NO;
				ASSETCATALOG_COMPILER_GENERATE_SWIFT_ASSET_SYMBOL_EXTENSIONS = YES;
				CLANG_ANALYZER_NONNULL = YES;
				CLANG_ANALYZER_NUMBER_OBJECT_CONVERSION = YES_AGGRESSIVE;
				CLANG_CXX_LANGUAGE_STANDARD = "gnu++20";
				CLANG_ENABLE_MODULES = YES;
				CLANG_ENABLE_OBJC_ARC = YES;
				CLANG_ENABLE_OBJC_WEAK = YES;
				CLANG_WARN_BLOCK_CAPTURE_AUTORELEASING = YES;
				CLANG_WARN_BOOL_CONVERSION = YES;
				CLANG_WARN_COMMA = YES;
				CLANG_WARN_CONSTANT_CONVERSION = YES;
				CLANG_WARN_DEPRECATED_OBJC_IMPLEMENTATIONS = YES;
				CLANG_WARN_DIRECT_OBJC_ISA_USAGE = YES_ERROR;
				CLANG_WARN_DOCUMENTATION_COMMENTS = YES;
				CLANG_WARN_EMPTY_BODY = YES;
				CLANG_WARN_ENUM_CONVERSION = YES;
				CLANG_WARN_INFINITE_RECURSION = YES;
				CLANG_WARN_INT_CONVERSION = YES;
				CLANG_WARN_NON_LITERAL_NULL_CONVERSION = YES;
				CLANG_WARN_OBJC_IMPLICIT_RETAIN_SELF = YES;
				CLANG_WARN_OBJC_LITERAL_CONVERSION = YES;
				CLANG_WARN_OBJC_ROOT_CLASS = YES_ERROR;
				CLANG_WARN_QUOTED_INCLUDE_IN_FRAMEWORK_HEADER = YES;
				CLANG_WARN_RANGE_LOOP_ANALYSIS = YES;
				CLANG_WARN_STRICT_PROTOTYPES = YES;
				CLANG_WARN_SUSPICIOUS_MOVE = YES;
				CLANG_WARN_UNGUARDED_AVAILABILITY = YES_AGGRESSIVE;
				CLANG_WARN_UNREACHABLE_CODE = YES;
				CLANG_WARN__DUPLICATE_METHOD_MATCH = YES;
				COPY_PHASE_STRIP = NO;
				DEBUG_INFORMATION_FORMAT = dwarf;
				ENABLE_STRICT_OBJC_MSGSEND = YES;
				ENABLE_TESTABILITY = YES;
				ENABLE_USER_SCRIPT_SANDBOXING = NO;
				GCC_C_LANGUAGE_STANDARD = gnu17;
				GCC_DYNAMIC_NO_PIC = NO;
				GCC_NO_COMMON_BLOCKS = YES;
				GCC_OPTIMIZATION_LEVEL = 0;
				GCC_PREPROCESSOR_DEFINITIONS = (
					"DEBUG=1",
					"$(inherited)",
				);
				GCC_WARN_64_TO_32_BIT_CONVERSION = YES;
				GCC_WARN_ABOUT_RETURN_TYPE = YES_ERROR;
				GCC_WARN_UNDECLARED_SELECTOR = YES;
				GCC_WARN_UNINITIALIZED_AUTOS = YES_AGGRESSIVE;
				GCC_WARN_UNUSED_FUNCTION = YES;
				GCC_WARN_UNUSED_VARIABLE = YES;
				IPHONEOS_DEPLOYMENT_TARGET = 13.0;
				LOCALIZATION_PREFERS_STRING_CATALOGS = YES;
				MTL_ENABLE_DEBUG_INFO = INCLUDE_SOURCE;
				MTL_FAST_MATH = YES;
				ONLY_ACTIVE_ARCH = YES;
				SDKROOT = iphoneos;
				SWIFT_ACTIVE_COMPILATION_CONDITIONS = "DEBUG $(inherited)";
				SWIFT_OPTIMIZATION_LEVEL = "-Onone";
			};
			name = Debug;
		};
		E8885E202C7C6BA60043EA79 /* Release */ = {
			isa = XCBuildConfiguration;
			buildSettings = {
				ALWAYS_SEARCH_USER_PATHS = NO;
				ASSETCATALOG_COMPILER_GENERATE_SWIFT_ASSET_SYMBOL_EXTENSIONS = YES;
				CLANG_ANALYZER_NONNULL = YES;
				CLANG_ANALYZER_NUMBER_OBJECT_CONVERSION = YES_AGGRESSIVE;
				CLANG_CXX_LANGUAGE_STANDARD = "gnu++20";
				CLANG_ENABLE_MODULES = YES;
				CLANG_ENABLE_OBJC_ARC = YES;
				CLANG_ENABLE_OBJC_WEAK = YES;
				CLANG_WARN_BLOCK_CAPTURE_AUTORELEASING = YES;
				CLANG_WARN_BOOL_CONVERSION = YES;
				CLANG_WARN_COMMA = YES;
				CLANG_WARN_CONSTANT_CONVERSION = YES;
				CLANG_WARN_DEPRECATED_OBJC_IMPLEMENTATIONS = YES;
				CLANG_WARN_DIRECT_OBJC_ISA_USAGE = YES_ERROR;
				CLANG_WARN_DOCUMENTATION_COMMENTS = YES;
				CLANG_WARN_EMPTY_BODY = YES;
				CLANG_WARN_ENUM_CONVERSION = YES;
				CLANG_WARN_INFINITE_RECURSION = YES;
				CLANG_WARN_INT_CONVERSION = YES;
				CLANG_WARN_NON_LITERAL_NULL_CONVERSION = YES;
				CLANG_WARN_OBJC_IMPLICIT_RETAIN_SELF = YES;
				CLANG_WARN_OBJC_LITERAL_CONVERSION = YES;
				CLANG_WARN_OBJC_ROOT_CLASS = YES_ERROR;
				CLANG_WARN_QUOTED_INCLUDE_IN_FRAMEWORK_HEADER = YES;
				CLANG_WARN_RANGE_LOOP_ANALYSIS = YES;
				CLANG_WARN_STRICT_PROTOTYPES = YES;
				CLANG_WARN_SUSPICIOUS_MOVE = YES;
				CLANG_WARN_UNGUARDED_AVAILABILITY = YES_AGGRESSIVE;
				CLANG_WARN_UNREACHABLE_CODE = YES;
				CLANG_WARN__DUPLICATE_METHOD_MATCH = YES;
				COPY_PHASE_STRIP = NO;
				DEBUG_INFORMATION_FORMAT = "dwarf-with-dsym";
				ENABLE_NS_ASSERTIONS = NO;
				ENABLE_STRICT_OBJC_MSGSEND = YES;
				ENABLE_USER_SCRIPT_SANDBOXING = NO;
				GCC_C_LANGUAGE_STANDARD = gnu17;
				GCC_NO_COMMON_BLOCKS = YES;
				GCC_WARN_64_TO_32_BIT_CONVERSION = YES;
				GCC_WARN_ABOUT_RETURN_TYPE = YES_ERROR;
				GCC_WARN_UNDECLARED_SELECTOR = YES;
				GCC_WARN_UNINITIALIZED_AUTOS = YES_AGGRESSIVE;
				GCC_WARN_UNUSED_FUNCTION = YES;
				GCC_WARN_UNUSED_VARIABLE = YES;
				IPHONEOS_DEPLOYMENT_TARGET = 13.0;
				LOCALIZATION_PREFERS_STRING_CATALOGS = YES;
				MTL_ENABLE_DEBUG_INFO = NO;
				MTL_FAST_MATH = YES;
				SDKROOT = iphoneos;
				SWIFT_COMPILATION_MODE = wholemodule;
				VALIDATE_PRODUCT = YES;
			};
			name = Release;
		};
		E8885E222C7C6BA60043EA79 /* Debug */ = {
			isa = XCBuildConfiguration;
			baseConfigurationReference = BC1D6287174842A884B521D7 /* Pods-meFilm.debug.xcconfig */;
			buildSettings = {
				ASSETCATALOG_COMPILER_APPICON_NAME = AppIcon;
				ASSETCATALOG_COMPILER_GLOBAL_ACCENT_COLOR_NAME = AccentColor;
				CODE_SIGN_STYLE = Automatic;
				CURRENT_PROJECT_VERSION = 1;
				DEVELOPMENT_TEAM = NUPSSHHDSW;
				GENERATE_INFOPLIST_FILE = YES;
				INFOPLIST_FILE = meFilm/Info.plist;
				INFOPLIST_KEY_UIApplicationSupportsIndirectInputEvents = YES;
				INFOPLIST_KEY_UILaunchStoryboardName = LaunchScreen;
				INFOPLIST_KEY_UIMainStoryboardFile = Main;
				INFOPLIST_KEY_UISupportedInterfaceOrientations_iPad = "UIInterfaceOrientationPortrait UIInterfaceOrientationPortraitUpsideDown UIInterfaceOrientationLandscapeLeft UIInterfaceOrientationLandscapeRight";
				INFOPLIST_KEY_UISupportedInterfaceOrientations_iPhone = "UIInterfaceOrientationPortrait UIInterfaceOrientationLandscapeLeft UIInterfaceOrientationLandscapeRight";
				IPHONEOS_DEPLOYMENT_TARGET = 13.0;
				LD_RUNPATH_SEARCH_PATHS = (
					"$(inherited)",
					"@executable_path/Frameworks",
				);
				MARKETING_VERSION = 1.0;
				PRODUCT_BUNDLE_IDENTIFIER = com.tranchuhoangluong.meFilm;
				PRODUCT_NAME = "$(TARGET_NAME)";
				SWIFT_EMIT_LOC_STRINGS = YES;
				SWIFT_VERSION = 5.0;
				TARGETED_DEVICE_FAMILY = "1,2";
			};
			name = Debug;
		};
		E8885E232C7C6BA60043EA79 /* Release */ = {
			isa = XCBuildConfiguration;
			baseConfigurationReference = 0E1C8A7DA188E336135C5230 /* Pods-meFilm.release.xcconfig */;
			buildSettings = {
				ASSETCATALOG_COMPILER_APPICON_NAME = AppIcon;
				ASSETCATALOG_COMPILER_GLOBAL_ACCENT_COLOR_NAME = AccentColor;
				CODE_SIGN_STYLE = Automatic;
				CURRENT_PROJECT_VERSION = 1;
				DEVELOPMENT_TEAM = NUPSSHHDSW;
				GENERATE_INFOPLIST_FILE = YES;
				INFOPLIST_FILE = meFilm/Info.plist;
				INFOPLIST_KEY_UIApplicationSupportsIndirectInputEvents = YES;
				INFOPLIST_KEY_UILaunchStoryboardName = LaunchScreen;
				INFOPLIST_KEY_UIMainStoryboardFile = Main;
				INFOPLIST_KEY_UISupportedInterfaceOrientations_iPad = "UIInterfaceOrientationPortrait UIInterfaceOrientationPortraitUpsideDown UIInterfaceOrientationLandscapeLeft UIInterfaceOrientationLandscapeRight";
				INFOPLIST_KEY_UISupportedInterfaceOrientations_iPhone = "UIInterfaceOrientationPortrait UIInterfaceOrientationLandscapeLeft UIInterfaceOrientationLandscapeRight";
				IPHONEOS_DEPLOYMENT_TARGET = 13.0;
				LD_RUNPATH_SEARCH_PATHS = (
					"$(inherited)",
					"@executable_path/Frameworks",
				);
				MARKETING_VERSION = 1.0;
				PRODUCT_BUNDLE_IDENTIFIER = com.tranchuhoangluong.meFilm;
				PRODUCT_NAME = "$(TARGET_NAME)";
				SWIFT_EMIT_LOC_STRINGS = YES;
				SWIFT_VERSION = 5.0;
				TARGETED_DEVICE_FAMILY = "1,2";
			};
			name = Release;
		};
		E8885E252C7C6BA60043EA79 /* Debug */ = {
			isa = XCBuildConfiguration;
			baseConfigurationReference = 5E559785858F1CD9C34FD579 /* Pods-meFilmTests.debug.xcconfig */;
			buildSettings = {
				ALWAYS_EMBED_SWIFT_STANDARD_LIBRARIES = YES;
				BUNDLE_LOADER = "$(TEST_HOST)";
				CODE_SIGN_STYLE = Automatic;
				CURRENT_PROJECT_VERSION = 1;
				DEVELOPMENT_TEAM = NUPSSHHDSW;
				GENERATE_INFOPLIST_FILE = YES;
				IPHONEOS_DEPLOYMENT_TARGET = 17.5;
				MARKETING_VERSION = 1.0;
				PRODUCT_BUNDLE_IDENTIFIER = com.tranchuhoangluong.meFilmTests;
				PRODUCT_NAME = "$(TARGET_NAME)";
				SWIFT_EMIT_LOC_STRINGS = NO;
				SWIFT_VERSION = 5.0;
				TARGETED_DEVICE_FAMILY = "1,2";
				TEST_HOST = "$(BUILT_PRODUCTS_DIR)/meFilm.app/$(BUNDLE_EXECUTABLE_FOLDER_PATH)/meFilm";
			};
			name = Debug;
		};
		E8885E262C7C6BA60043EA79 /* Release */ = {
			isa = XCBuildConfiguration;
			baseConfigurationReference = 53D83126BC55C0A634A75F8B /* Pods-meFilmTests.release.xcconfig */;
			buildSettings = {
				ALWAYS_EMBED_SWIFT_STANDARD_LIBRARIES = YES;
				BUNDLE_LOADER = "$(TEST_HOST)";
				CODE_SIGN_STYLE = Automatic;
				CURRENT_PROJECT_VERSION = 1;
				DEVELOPMENT_TEAM = NUPSSHHDSW;
				GENERATE_INFOPLIST_FILE = YES;
				IPHONEOS_DEPLOYMENT_TARGET = 17.5;
				MARKETING_VERSION = 1.0;
				PRODUCT_BUNDLE_IDENTIFIER = com.tranchuhoangluong.meFilmTests;
				PRODUCT_NAME = "$(TARGET_NAME)";
				SWIFT_EMIT_LOC_STRINGS = NO;
				SWIFT_VERSION = 5.0;
				TARGETED_DEVICE_FAMILY = "1,2";
				TEST_HOST = "$(BUILT_PRODUCTS_DIR)/meFilm.app/$(BUNDLE_EXECUTABLE_FOLDER_PATH)/meFilm";
			};
			name = Release;
		};
		E8885E282C7C6BA60043EA79 /* Debug */ = {
			isa = XCBuildConfiguration;
			baseConfigurationReference = DE9458408B6277792ADAA1F7 /* Pods-meFilm-meFilmUITests.debug.xcconfig */;
			buildSettings = {
				ALWAYS_EMBED_SWIFT_STANDARD_LIBRARIES = YES;
				CODE_SIGN_STYLE = Automatic;
				CURRENT_PROJECT_VERSION = 1;
				DEVELOPMENT_TEAM = NUPSSHHDSW;
				GENERATE_INFOPLIST_FILE = YES;
				MARKETING_VERSION = 1.0;
				PRODUCT_BUNDLE_IDENTIFIER = com.tranchuhoangluong.meFilmUITests;
				PRODUCT_NAME = "$(TARGET_NAME)";
				SWIFT_EMIT_LOC_STRINGS = NO;
				SWIFT_VERSION = 5.0;
				TARGETED_DEVICE_FAMILY = "1,2";
				TEST_TARGET_NAME = meFilm;
			};
			name = Debug;
		};
		E8885E292C7C6BA60043EA79 /* Release */ = {
			isa = XCBuildConfiguration;
			baseConfigurationReference = D9E1F4EEB953087D14A576B8 /* Pods-meFilm-meFilmUITests.release.xcconfig */;
			buildSettings = {
				ALWAYS_EMBED_SWIFT_STANDARD_LIBRARIES = YES;
				CODE_SIGN_STYLE = Automatic;
				CURRENT_PROJECT_VERSION = 1;
				DEVELOPMENT_TEAM = NUPSSHHDSW;
				GENERATE_INFOPLIST_FILE = YES;
				MARKETING_VERSION = 1.0;
				PRODUCT_BUNDLE_IDENTIFIER = com.tranchuhoangluong.meFilmUITests;
				PRODUCT_NAME = "$(TARGET_NAME)";
				SWIFT_EMIT_LOC_STRINGS = NO;
				SWIFT_VERSION = 5.0;
				TARGETED_DEVICE_FAMILY = "1,2";
				TEST_TARGET_NAME = meFilm;
			};
			name = Release;
		};
/* End XCBuildConfiguration section */

/* Begin XCConfigurationList section */
		E8885DF22C7C6BA20043EA79 /* Build configuration list for PBXProject "meFilm" */ = {
			isa = XCConfigurationList;
			buildConfigurations = (
				E8885E1F2C7C6BA60043EA79 /* Debug */,
				E8885E202C7C6BA60043EA79 /* Release */,
			);
			defaultConfigurationIsVisible = 0;
			defaultConfigurationName = Release;
		};
		E8885E212C7C6BA60043EA79 /* Build configuration list for PBXNativeTarget "meFilm" */ = {
			isa = XCConfigurationList;
			buildConfigurations = (
				E8885E222C7C6BA60043EA79 /* Debug */,
				E8885E232C7C6BA60043EA79 /* Release */,
			);
			defaultConfigurationIsVisible = 0;
			defaultConfigurationName = Release;
		};
		E8885E242C7C6BA60043EA79 /* Build configuration list for PBXNativeTarget "meFilmTests" */ = {
			isa = XCConfigurationList;
			buildConfigurations = (
				E8885E252C7C6BA60043EA79 /* Debug */,
				E8885E262C7C6BA60043EA79 /* Release */,
			);
			defaultConfigurationIsVisible = 0;
			defaultConfigurationName = Release;
		};
		E8885E272C7C6BA60043EA79 /* Build configuration list for PBXNativeTarget "meFilmUITests" */ = {
			isa = XCConfigurationList;
			buildConfigurations = (
				E8885E282C7C6BA60043EA79 /* Debug */,
				E8885E292C7C6BA60043EA79 /* Release */,
			);
			defaultConfigurationIsVisible = 0;
			defaultConfigurationName = Release;
		};
/* End XCConfigurationList section */
	};
	rootObject = E8885DEF2C7C6BA20043EA79 /* Project object */;
}
